
Microsoft Visual Studio Solution File, Format Version 12.00
# Visual Studio Version 17
VisualStudioVersion = 17.0.32014.148
MinimumVisualStudioVersion = 10.0.40219.1
Project("{FAE04EC0-301F-11D3-BF4B-00C04F79EFBC}") = "Task_8", "Task_8\Task_8.csproj", "{C41E9748-A0FE-4A02-97DB-D3137BB3C131}"
EndProject
Global
	GlobalSection(SolutionConfigurationPlatforms) = preSolution
		Debug|Any CPU = Debug|Any CPU
		Release|Any CPU = Release|Any CPU
	EndGlobalSection
	GlobalSection(ProjectConfigurationPlatforms) = postSolution
		{C41E9748-A0FE-4A02-97DB-D3137BB3C131}.Debug|Any CPU.ActiveCfg = Debug|Any CPU
		{C41E9748-A0FE-4A02-97DB-D3137BB3C131}.Debug|Any CPU.Build.0 = Debug|Any CPU
		{C41E9748-A0FE-4A02-97DB-D3137BB3C131}.Release|Any CPU.ActiveCfg = Release|Any CPU
		{C41E9748-A0FE-4A02-97DB-D3137BB3C131}.Release|Any CPU.Build.0 = Release|Any CPU
	EndGlobalSection
	GlobalSection(SolutionProperties) = preSolution
		HideSolutionNode = FALSE
	EndGlobalSection
	GlobalSection(ExtensibilityGlobals) = postSolution
		SolutionGuid = {EF7BAF8B-48D1-48C0-85CE-F81722F55A55}
	EndGlobalSection
EndGlobal
