
Microsoft Visual Studio Solution File, Format Version 12.00
# Visual Studio Version 16
VisualStudioVersion = 16.0.31729.503
MinimumVisualStudioVersion = 10.0.40219.1
Project("{FAE04EC0-301F-11D3-BF4B-00C04F79EFBC}") = "HomeWork_2", "HomeWork_2\HomeWork_2.csproj", "{04FCDB85-3AA5-4DEF-A03A-7A7163308024}"
EndProject
Global
	GlobalSection(SolutionConfigurationPlatforms) = preSolution
		Debug|Any CPU = Debug|Any CPU
		Release|Any CPU = Release|Any CPU
	EndGlobalSection
	GlobalSection(ProjectConfigurationPlatforms) = postSolution
		{04FCDB85-3AA5-4DEF-A03A-7A7163308024}.Debug|Any CPU.ActiveCfg = Debug|Any CPU
		{04FCDB85-3AA5-4DEF-A03A-7A7163308024}.Debug|Any CPU.Build.0 = Debug|Any CPU
		{04FCDB85-3AA5-4DEF-A03A-7A7163308024}.Release|Any CPU.ActiveCfg = Release|Any CPU
		{04FCDB85-3AA5-4DEF-A03A-7A7163308024}.Release|Any CPU.Build.0 = Release|Any CPU
	EndGlobalSection
	GlobalSection(SolutionProperties) = preSolution
		HideSolutionNode = FALSE
	EndGlobalSection
	GlobalSection(ExtensibilityGlobals) = postSolution
		SolutionGuid = {3CF2EC3E-885A-45FA-9C10-29B2195850F4}
	EndGlobalSection
EndGlobal
