
Microsoft Visual Studio Solution File, Format Version 12.00
# Visual Studio Version 16
VisualStudioVersion = 16.0.31729.503
MinimumVisualStudioVersion = 10.0.40219.1
Project("{FAE04EC0-301F-11D3-BF4B-00C04F79EFBC}") = "HomeWork_2.2", "HomeWork_2.2\HomeWork_2.2.csproj", "{FDBB4203-450D-45D8-B8A8-9BC04D2BC716}"
EndProject
Global
	GlobalSection(SolutionConfigurationPlatforms) = preSolution
		Debug|Any CPU = Debug|Any CPU
		Release|Any CPU = Release|Any CPU
	EndGlobalSection
	GlobalSection(ProjectConfigurationPlatforms) = postSolution
		{FDBB4203-450D-45D8-B8A8-9BC04D2BC716}.Debug|Any CPU.ActiveCfg = Debug|Any CPU
		{FDBB4203-450D-45D8-B8A8-9BC04D2BC716}.Debug|Any CPU.Build.0 = Debug|Any CPU
		{FDBB4203-450D-45D8-B8A8-9BC04D2BC716}.Release|Any CPU.ActiveCfg = Release|Any CPU
		{FDBB4203-450D-45D8-B8A8-9BC04D2BC716}.Release|Any CPU.Build.0 = Release|Any CPU
	EndGlobalSection
	GlobalSection(SolutionProperties) = preSolution
		HideSolutionNode = FALSE
	EndGlobalSection
	GlobalSection(ExtensibilityGlobals) = postSolution
		SolutionGuid = {94BD1950-2A84-4619-A119-CC10D1E72A77}
	EndGlobalSection
EndGlobal
