
Microsoft Visual Studio Solution File, Format Version 12.00
# Visual Studio Version 17
VisualStudioVersion = 17.0.32014.148
MinimumVisualStudioVersion = 10.0.40219.1
Project("{FAE04EC0-301F-11D3-BF4B-00C04F79EFBC}") = "HomeWork_4_3", "HomeWork_4_3\HomeWork_4_3.csproj", "{E4E1525A-4730-4AFC-A303-92CC551786C1}"
EndProject
Global
	GlobalSection(SolutionConfigurationPlatforms) = preSolution
		Debug|Any CPU = Debug|Any CPU
		Release|Any CPU = Release|Any CPU
	EndGlobalSection
	GlobalSection(ProjectConfigurationPlatforms) = postSolution
		{E4E1525A-4730-4AFC-A303-92CC551786C1}.Debug|Any CPU.ActiveCfg = Debug|Any CPU
		{E4E1525A-4730-4AFC-A303-92CC551786C1}.Debug|Any CPU.Build.0 = Debug|Any CPU
		{E4E1525A-4730-4AFC-A303-92CC551786C1}.Release|Any CPU.ActiveCfg = Release|Any CPU
		{E4E1525A-4730-4AFC-A303-92CC551786C1}.Release|Any CPU.Build.0 = Release|Any CPU
	EndGlobalSection
	GlobalSection(SolutionProperties) = preSolution
		HideSolutionNode = FALSE
	EndGlobalSection
	GlobalSection(ExtensibilityGlobals) = postSolution
		SolutionGuid = {9D9A21EF-D489-4EE6-B863-9531F2F92645}
	EndGlobalSection
EndGlobal
