
Microsoft Visual Studio Solution File, Format Version 12.00
# Visual Studio Version 17
VisualStudioVersion = 17.0.32014.148
MinimumVisualStudioVersion = 10.0.40219.1
Project("{FAE04EC0-301F-11D3-BF4B-00C04F79EFBC}") = "HomeWork_4_1", "HomeWork_4_1\HomeWork_4_1.csproj", "{2C0125E0-262E-4D02-BEF4-21F3576EB97C}"
EndProject
Global
	GlobalSection(SolutionConfigurationPlatforms) = preSolution
		Debug|Any CPU = Debug|Any CPU
		Release|Any CPU = Release|Any CPU
	EndGlobalSection
	GlobalSection(ProjectConfigurationPlatforms) = postSolution
		{2C0125E0-262E-4D02-BEF4-21F3576EB97C}.Debug|Any CPU.ActiveCfg = Debug|Any CPU
		{2C0125E0-262E-4D02-BEF4-21F3576EB97C}.Debug|Any CPU.Build.0 = Debug|Any CPU
		{2C0125E0-262E-4D02-BEF4-21F3576EB97C}.Release|Any CPU.ActiveCfg = Release|Any CPU
		{2C0125E0-262E-4D02-BEF4-21F3576EB97C}.Release|Any CPU.Build.0 = Release|Any CPU
	EndGlobalSection
	GlobalSection(SolutionProperties) = preSolution
		HideSolutionNode = FALSE
	EndGlobalSection
	GlobalSection(ExtensibilityGlobals) = postSolution
		SolutionGuid = {52501EA0-860B-4E63-B878-0EEBF88B4C70}
	EndGlobalSection
EndGlobal
