
Microsoft Visual Studio Solution File, Format Version 12.00
# Visual Studio Version 17
VisualStudioVersion = 17.0.32014.148
MinimumVisualStudioVersion = 10.0.40219.1
Project("{FAE04EC0-301F-11D3-BF4B-00C04F79EFBC}") = "HomeWork_4_2", "HomeWork_4_2\HomeWork_4_2.csproj", "{D55B5A7E-DE9B-4D63-8A41-204DE798C13B}"
EndProject
Global
	GlobalSection(SolutionConfigurationPlatforms) = preSolution
		Debug|Any CPU = Debug|Any CPU
		Release|Any CPU = Release|Any CPU
	EndGlobalSection
	GlobalSection(ProjectConfigurationPlatforms) = postSolution
		{D55B5A7E-DE9B-4D63-8A41-204DE798C13B}.Debug|Any CPU.ActiveCfg = Debug|Any CPU
		{D55B5A7E-DE9B-4D63-8A41-204DE798C13B}.Debug|Any CPU.Build.0 = Debug|Any CPU
		{D55B5A7E-DE9B-4D63-8A41-204DE798C13B}.Release|Any CPU.ActiveCfg = Release|Any CPU
		{D55B5A7E-DE9B-4D63-8A41-204DE798C13B}.Release|Any CPU.Build.0 = Release|Any CPU
	EndGlobalSection
	GlobalSection(SolutionProperties) = preSolution
		HideSolutionNode = FALSE
	EndGlobalSection
	GlobalSection(ExtensibilityGlobals) = postSolution
		SolutionGuid = {CAB9DC4F-DFA4-4387-87FB-F6B3A1F0F61D}
	EndGlobalSection
EndGlobal
